
Microsoft Visual Studio Solution File, Format Version 12.00
# Visual Studio 2013
VisualStudioVersion = 12.0.31101.0
MinimumVisualStudioVersion = 10.0.40219.1
Project("{2150E333-8FDC-42A3-9474-1A3956D46DE8}") = ".nuget", ".nuget", "{FADEE226-B498-42EC-BF5E-A10FE44420E0}"
	ProjectSection(SolutionItems) = preProject
		.nuget\packages.config = .nuget\packages.config
	EndProjectSection
EndProject
Project("{2150E333-8FDC-42A3-9474-1A3956D46DE8}") = "00_Documents", "00_Documents", "{CC353A73-E295-4F57-A4BC-35A5C01814E2}"
EndProject
Project("{2150E333-8FDC-42A3-9474-1A3956D46DE8}") = "Properties", "Properties", "{B5941A87-7769-4210-8E62-23996808B39F}"
	ProjectSection(SolutionItems) = preProject
		..\Documents\Properties\SharedAssemblyInfo.cs = ..\Documents\Properties\SharedAssemblyInfo.cs
	EndProjectSection
EndProject
Project("{2150E333-8FDC-42A3-9474-1A3956D46DE8}") = "01_Configs", "01_Configs", "{4A54B9E6-1AFF-4B25-A9E8-8F24EEC9BA49}"
EndProject
Project("{2150E333-8FDC-42A3-9474-1A3956D46DE8}") = "02_Apps", "02_Apps", "{40B27F54-38FC-46F7-B5A9-41F842B6C80A}"
EndProject
Project("{2150E333-8FDC-42A3-9474-1A3956D46DE8}") = "03_Services", "03_Services", "{340B31F6-7324-48CA-8C59-853A61977AC1}"
EndProject
Project("{2150E333-8FDC-42A3-9474-1A3956D46DE8}") = "04_Models", "04_Models", "{FFD5EF10-8036-4AD6-84A1-AB799CB41F10}"
EndProject
Project("{2150E333-8FDC-42A3-9474-1A3956D46DE8}") = "99_Tests", "99_Tests", "{4831C665-3C48-437F-A7E6-35D3C5DE9830}"
EndProject
Project("{FAE04EC0-301F-11D3-BF4B-00C04F79EFBC}") = "ReCaptcha.Wrapper.Tests", "99_Tests\ReCaptcha.Wrapper.Tests\ReCaptcha.Wrapper.Tests.csproj", "{F0393746-7CCB-4FF3-84CE-33F4755BC769}"
EndProject
Project("{FAE04EC0-301F-11D3-BF4B-00C04F79EFBC}") = "ReCaptcha.Wrapper", "03_Services\ReCaptcha.Wrapper\ReCaptcha.Wrapper.csproj", "{18B04A68-6C05-48E3-B603-7371A47A425D}"
EndProject
Project("{FAE04EC0-301F-11D3-BF4B-00C04F79EFBC}") = "ReCaptcha.Wrapper.Mvc", "03_Services\ReCaptcha.Wrapper.Mvc\ReCaptcha.Wrapper.Mvc.csproj", "{F9BAC6BB-ECEA-496E-A9C7-2B04337DC036}"
EndProject
Global
	GlobalSection(SolutionConfigurationPlatforms) = preSolution
		Debug|Any CPU = Debug|Any CPU
		Release|Any CPU = Release|Any CPU
	EndGlobalSection
	GlobalSection(ProjectConfigurationPlatforms) = postSolution
		{F0393746-7CCB-4FF3-84CE-33F4755BC769}.Debug|Any CPU.ActiveCfg = Debug|Any CPU
		{F0393746-7CCB-4FF3-84CE-33F4755BC769}.Debug|Any CPU.Build.0 = Debug|Any CPU
		{F0393746-7CCB-4FF3-84CE-33F4755BC769}.Release|Any CPU.ActiveCfg = Release|Any CPU
		{F0393746-7CCB-4FF3-84CE-33F4755BC769}.Release|Any CPU.Build.0 = Release|Any CPU
		{18B04A68-6C05-48E3-B603-7371A47A425D}.Debug|Any CPU.ActiveCfg = Debug|Any CPU
		{18B04A68-6C05-48E3-B603-7371A47A425D}.Debug|Any CPU.Build.0 = Debug|Any CPU
		{18B04A68-6C05-48E3-B603-7371A47A425D}.Release|Any CPU.ActiveCfg = Release|Any CPU
		{18B04A68-6C05-48E3-B603-7371A47A425D}.Release|Any CPU.Build.0 = Release|Any CPU
		{F9BAC6BB-ECEA-496E-A9C7-2B04337DC036}.Debug|Any CPU.ActiveCfg = Debug|Any CPU
		{F9BAC6BB-ECEA-496E-A9C7-2B04337DC036}.Debug|Any CPU.Build.0 = Debug|Any CPU
		{F9BAC6BB-ECEA-496E-A9C7-2B04337DC036}.Release|Any CPU.ActiveCfg = Release|Any CPU
		{F9BAC6BB-ECEA-496E-A9C7-2B04337DC036}.Release|Any CPU.Build.0 = Release|Any CPU
	EndGlobalSection
	GlobalSection(SolutionProperties) = preSolution
		HideSolutionNode = FALSE
	EndGlobalSection
	GlobalSection(NestedProjects) = preSolution
		{B5941A87-7769-4210-8E62-23996808B39F} = {CC353A73-E295-4F57-A4BC-35A5C01814E2}
		{F0393746-7CCB-4FF3-84CE-33F4755BC769} = {4831C665-3C48-437F-A7E6-35D3C5DE9830}
		{18B04A68-6C05-48E3-B603-7371A47A425D} = {340B31F6-7324-48CA-8C59-853A61977AC1}
		{F9BAC6BB-ECEA-496E-A9C7-2B04337DC036} = {340B31F6-7324-48CA-8C59-853A61977AC1}
	EndGlobalSection
EndGlobal
